// !$*UTF8*$!
{
	archiveVersion = 1;
	classes = {
	};
	objectVersion = 46;
	objects = {

/* Begin PBXBuildFile section */
		63A0B9B41DBE8BBD00A5F91C /* AppDelegate.swift in Sources */ = {isa = PBXBuildFile; fileRef = 63A0B9B31DBE8BBD00A5F91C /* AppDelegate.swift */; };
		63A0B9B61DBE8BBD00A5F91C /* MasterViewController.swift in Sources */ = {isa = PBXBuildFile; fileRef = 63A0B9B51DBE8BBD00A5F91C /* MasterViewController.swift */; };
		63A0B9B81DBE8BBD00A5F91C /* DetailViewController.swift in Sources */ = {isa = PBXBuildFile; fileRef = 63A0B9B71DBE8BBD00A5F91C /* DetailViewController.swift */; };
		63A0B9BB1DBE8BBD00A5F91C /* Main.storyboard in Resources */ = {isa = PBXBuildFile; fileRef = 63A0B9B91DBE8BBD00A5F91C /* Main.storyboard */; };
		63A0B9BD1DBE8BBD00A5F91C /* Assets.xcassets in Resources */ = {isa = PBXBuildFile; fileRef = 63A0B9BC1DBE8BBD00A5F91C /* Assets.xcassets */; };
		63A0B9C01DBE8BBD00A5F91C /* LaunchScreen.storyboard in Resources */ = {isa = PBXBuildFile; fileRef = 63A0B9BE1DBE8BBD00A5F91C /* LaunchScreen.storyboard */; };
/* End PBXBuildFile section */

/* Begin PBXFileReference section */
		63A0B9B01DBE8BBD00A5F91C /* Test.app */ = {isa = PBXFileReference; explicitFileType = wrapper.application; includeInIndex = 0; path = Test.app; sourceTree = BUILT_PRODUCTS_DIR; };
		63A0B9B31DBE8BBD00A5F91C /* AppDelegate.swift */ = {isa = PBXFileReference; lastKnownFileType = sourcecode.swift; path = AppDelegate.swift; sourceTree = "<group>"; };
		63A0B9B51DBE8BBD00A5F91C /* MasterViewController.swift */ = {isa = PBXFileReference; lastKnownFileType = sourcecode.swift; path = MasterViewController.swift; sourceTree = "<group>"; };
		63A0B9B71DBE8BBD00A5F91C /* DetailViewController.swift */ = {isa = PBXFileReference; lastKnownFileType = sourcecode.swift; path = DetailViewController.swift; sourceTree = "<group>"; };
		63A0B9BA1DBE8BBD00A5F91C /* Base */ = {isa = PBXFileReference; lastKnownFileType = file.storyboard; name = Base; path = Base.lproj/Main.storyboard; sourceTree = "<group>"; };
		63A0B9BC1DBE8BBD00A5F91C /* Assets.xcassets */ = {isa = PBXFileReference; lastKnownFileType = folder.assetcatalog; path = Assets.xcassets; sourceTree = "<group>"; };
		63A0B9BF1DBE8BBD00A5F91C /* Base */ = {isa = PBXFileReference; lastKnownFileType = file.storyboard; name = Base; path = Base.lproj/LaunchScreen.storyboard; sourceTree = "<group>"; };
		63A0B9C11DBE8BBD00A5F91C /* Info.plist */ = {isa = PBXFileReference; lastKnownFileType = text.plist.xml; path = Info.plist; sourceTree = "<group>"; };
/* End PBXFileReference section */

/* Begin PBXFrameworksBuildPhase section */
		63A0B9AD1DBE8BBD00A5F91C /* Frameworks */ = {
			isa = PBXFrameworksBuildPhase;
			buildActionMask = 2147483647;
			files = (
			);
			runOnlyForDeploymentPostprocessing = 0;
		};
/* End PBXFrameworksBuildPhase section */

/* Begin PBXGroup section */
		63A0B9A71DBE8BBD00A5F91C = {
			isa = PBXGroup;
			children = (
				63A0B9B21DBE8BBD00A5F91C /* Test */,
				63A0B9B11DBE8BBD00A5F91C /* Products */,
			);
			sourceTree = "<group>";
		};
		63A0B9B11DBE8BBD00A5F91C /* Products */ = {
			isa = PBXGroup;
			children = (
				63A0B9B01DBE8BBD00A5F91C /* Test.app */,
			);
			name = Products;
			sourceTree = "<group>";
		};
		63A0B9B21DBE8BBD00A5F91C /* Test */ = {
			isa = PBXGroup;
			children = (
				63A0B9B31DBE8BBD00A5F91C /* AppDelegate.swift */,
				63A0B9B51DBE8BBD00A5F91C /* MasterViewController.swift */,
				63A0B9B71DBE8BBD00A5F91C /* DetailViewController.swift */,
				63A0B9B91DBE8BBD00A5F91C /* Main.storyboard */,
				63A0B9BC1DBE8BBD00A5F91C /* Assets.xcassets */,
				63A0B9BE1DBE8BBD00A5F91C /* LaunchScreen.storyboard */,
				63A0B9C11DBE8BBD00A5F91C /* Info.plist */,
			);
			path = Test;
			sourceTree = "<group>";
		};
/* End PBXGroup section */

/* Begin PBXNativeTarget section */
		63A0B9AF1DBE8BBD00A5F91C /* Test */ = {
			isa = PBXNativeTarget;
			buildConfigurationList = 63A0B9C41DBE8BBD00A5F91C /* Build configuration list for PBXNativeTarget "Test" */;
			buildPhases = (
				63A0B9AC1DBE8BBD00A5F91C /* Sources */,
				63A0B9AD1DBE8BBD00A5F91C /* Frameworks */,
				63A0B9AE1DBE8BBD00A5F91C /* Resources */,
			);
			buildRules = (
			);
			dependencies = (
			);
			name = Test;
			productName = Test;
			productReference = 63A0B9B01DBE8BBD00A5F91C /* Test.app */;
			productType = "com.apple.product-type.application";
		};
/* End PBXNativeTarget section */

/* Begin PBXProject section */
		63A0B9A81DBE8BBD00A5F91C /* Project object */ = {
			isa = PBXProject;
			attributes = {
				LastSwiftUpdateCheck = 0800;
				LastUpgradeCheck = 0800;
				ORGANIZATIONNAME = iOSKurs;
				TargetAttributes = {
					63A0B9AF1DBE8BBD00A5F91C = {
						CreatedOnToolsVersion = 8.0;
						ProvisioningStyle = Automatic;
					};
				};
			};
			buildConfigurationList = 63A0B9AB1DBE8BBD00A5F91C /* Build configuration list for PBXProject "Test" */;
			compatibilityVersion = "Xcode 3.2";
			developmentRegion = English;
			hasScannedForEncodings = 0;
			knownRegions = (
				en,
				Base,
			);
			mainGroup = 63A0B9A71DBE8BBD00A5F91C;
			productRefGroup = 63A0B9B11DBE8BBD00A5F91C /* Products */;
			projectDirPath = "";
			projectRoot = "";
			targets = (
				63A0B9AF1DBE8BBD00A5F91C /* Test */,
			);
		};
/* End PBXProject section */

/* Begin PBXResourcesBuildPhase section */
		63A0B9AE1DBE8BBD00A5F91C /* Resources */ = {
			isa = PBXResourcesBuildPhase;
			buildActionMask = 2147483647;
			files = (
				63A0B9C01DBE8BBD00A5F91C /* LaunchScreen.storyboard in Resources */,
				63A0B9BD1DBE8BBD00A5F91C /* Assets.xcassets in Resources */,
				63A0B9BB1DBE8BBD00A5F91C /* Main.storyboard in Resources */,
			);
			runOnlyForDeploymentPostprocessing = 0;
		};
/* End PBXResourcesBuildPhase section */

/* Begin PBXSourcesBuildPhase section */
		63A0B9AC1DBE8BBD00A5F91C /* Sources */ = {
			isa = PBXSourcesBuildPhase;
			buildActionMask = 2147483647;
			files = (
				63A0B9B81DBE8BBD00A5F91C /* DetailViewController.swift in Sources */,
				63A0B9B61DBE8BBD00A5F91C /* MasterViewController.swift in Sources */,
				63A0B9B41DBE8BBD00A5F91C /* AppDelegate.swift in Sources */,
			);
			runOnlyForDeploymentPostprocessing = 0;
		};
/* End PBXSourcesBuildPhase section */

/* Begin PBXVariantGroup section */
		63A0B9B91DBE8BBD00A5F91C /* Main.storyboard */ = {
			isa = PBXVariantGroup;
			children = (
				63A0B9BA1DBE8BBD00A5F91C /* Base */,
			);
			name = Main.storyboard;
			sourceTree = "<group>";
		};
		63A0B9BE1DBE8BBD00A5F91C /* LaunchScreen.storyboard */ = {
			isa = PBXVariantGroup;
			children = (
				63A0B9BF1DBE8BBD00A5F91C /* Base */,
			);
			name = LaunchScreen.storyboard;
			sourceTree = "<group>";
		};
/* End PBXVariantGroup section */

/* Begin XCBuildConfiguration section */
		63A0B9C21DBE8BBD00A5F91C /* Debug */ = {
			isa = XCBuildConfiguration;
			buildSettings = {
				ALWAYS_SEARCH_USER_PATHS = NO;
				CLANG_ANALYZER_NONNULL = YES;
				CLANG_CXX_LANGUAGE_STANDARD = "gnu++0x";
				CLANG_CXX_LIBRARY = "libc++";
				CLANG_ENABLE_MODULES = YES;
				CLANG_ENABLE_OBJC_ARC = YES;
				CLANG_WARN_BOOL_CONVERSION = YES;
				CLANG_WARN_CONSTANT_CONVERSION = YES;
				CLANG_WARN_DIRECT_OBJC_ISA_USAGE = YES_ERROR;
				CLANG_WARN_DOCUMENTATION_COMMENTS = YES;
				CLANG_WARN_EMPTY_BODY = YES;
				CLANG_WARN_ENUM_CONVERSION = YES;
				CLANG_WARN_INFINITE_RECURSION = YES;
				CLANG_WARN_INT_CONVERSION = YES;
				CLANG_WARN_OBJC_ROOT_CLASS = YES_ERROR;
				CLANG_WARN_SUSPICIOUS_MOVES = YES;
				CLANG_WARN_UNREACHABLE_CODE = YES;
				CLANG_WARN__DUPLICATE_METHOD_MATCH = YES;
				"CODE_SIGN_IDENTITY[sdk=iphoneos*]" = "iPhone Developer";
				COPY_PHASE_STRIP = NO;
				DEBUG_INFORMATION_FORMAT = dwarf;
				ENABLE_STRICT_OBJC_MSGSEND = YES;
				ENABLE_TESTABILITY = YES;
				GCC_C_LANGUAGE_STANDARD = gnu99;
				GCC_DYNAMIC_NO_PIC = NO;
				GCC_NO_COMMON_BLOCKS = YES;
				GCC_OPTIMIZATION_LEVEL = 0;
				GCC_PREPROCESSOR_DEFINITIONS = (
					"DEBUG=1",
					"$(inherited)",
				);
				GCC_WARN_64_TO_32_BIT_CONVERSION = YES;
				GCC_WARN_ABOUT_RETURN_TYPE = YES_ERROR;
				GCC_WARN_UNDECLARED_SELECTOR = YES;
				GCC_WARN_UNINITIALIZED_AUTOS = YES_AGGRESSIVE;
				GCC_WARN_UNUSED_FUNCTION = YES;
				GCC_WARN_UNUSED_VARIABLE = YES;
				IPHONEOS_DEPLOYMENT_TARGET = 10.0;
				MTL_ENABLE_DEBUG_INFO = YES;
				ONLY_ACTIVE_ARCH = YES;
				SDKROOT = iphoneos;
				SWIFT_ACTIVE_COMPILATION_CONDITIONS = DEBUG;
				SWIFT_OPTIMIZATION_LEVEL = "-Onone";
				TARGETED_DEVICE_FAMILY = "1,2";
			};
			name = Debug;
		};
		63A0B9C31DBE8BBD00A5F91C /* Release */ = {
			isa = XCBuildConfiguration;
			buildSettings = {
				ALWAYS_SEARCH_USER_PATHS = NO;
				CLANG_ANALYZER_NONNULL = YES;
				CLANG_CXX_LANGUAGE_STANDARD = "gnu++0x";
				CLANG_CXX_LIBRARY = "libc++";
				CLANG_ENABLE_MODULES = YES;
				CLANG_ENABLE_OBJC_ARC = YES;
				CLANG_WARN_BOOL_CONVERSION = YES;
				CLANG_WARN_CONSTANT_CONVERSION = YES;
				CLANG_WARN_DIRECT_OBJC_ISA_USAGE = YES_ERROR;
				CLANG_WARN_DOCUMENTATION_COMMENTS = YES;
				CLANG_WARN_EMPTY_BODY = YES;
				CLANG_WARN_ENUM_CONVERSION = YES;
				CLANG_WARN_INFINITE_RECURSION = YES;
				CLANG_WARN_INT_CONVERSION = YES;
				CLANG_WARN_OBJC_ROOT_CLASS = YES_ERROR;
				CLANG_WARN_SUSPICIOUS_MOVES = YES;
				CLANG_WARN_UNREACHABLE_CODE = YES;
				CLANG_WARN__DUPLICATE_METHOD_MATCH = YES;
				"CODE_SIGN_IDENTITY[sdk=iphoneos*]" = "iPhone Developer";
				COPY_PHASE_STRIP = NO;
				DEBUG_INFORMATION_FORMAT = "dwarf-with-dsym";
				ENABLE_NS_ASSERTIONS = NO;
				ENABLE_STRICT_OBJC_MSGSEND = YES;
				GCC_C_LANGUAGE_STANDARD = gnu99;
				GCC_NO_COMMON_BLOCKS = YES;
				GCC_WARN_64_TO_32_BIT_CONVERSION = YES;
				GCC_WARN_ABOUT_RETURN_TYPE = YES_ERROR;
				GCC_WARN_UNDECLARED_SELECTOR = YES;
				GCC_WARN_UNINITIALIZED_AUTOS = YES_AGGRESSIVE;
				GCC_WARN_UNUSED_FUNCTION = YES;
				GCC_WARN_UNUSED_VARIABLE = YES;
				IPHONEOS_DEPLOYMENT_TARGET = 10.0;
				MTL_ENABLE_DEBUG_INFO = NO;
				SDKROOT = iphoneos;
				SWIFT_OPTIMIZATION_LEVEL = "-Owholemodule";
				TARGETED_DEVICE_FAMILY = "1,2";
				VALIDATE_PRODUCT = YES;
			};
			name = Release;
		};
		63A0B9C51DBE8BBD00A5F91C /* Debug */ = {
			isa = XCBuildConfiguration;
			buildSettings = {
				ASSETCATALOG_COMPILER_APPICON_NAME = AppIcon;
				INFOPLIST_FILE = Test/Info.plist;
				LD_RUNPATH_SEARCH_PATHS = "$(inherited) @executable_path/Frameworks";
				PRODUCT_BUNDLE_IDENTIFIER = ch.ioskurs.Test;
				PRODUCT_NAME = "$(TARGET_NAME)";
				SWIFT_VERSION = 3.0;
			};
			name = Debug;
		};
		63A0B9C61DBE8BBD00A5F91C /* Release */ = {
			isa = XCBuildConfiguration;
			buildSettings = {
				ASSETCATALOG_COMPILER_APPICON_NAME = AppIcon;
				INFOPLIST_FILE = Test/Info.plist;
				LD_RUNPATH_SEARCH_PATHS = "$(inherited) @executable_path/Frameworks";
				PRODUCT_BUNDLE_IDENTIFIER = ch.ioskurs.Test;
				PRODUCT_NAME = "$(TARGET_NAME)";
				SWIFT_VERSION = 3.0;
			};
			name = Release;
		};
/* End XCBuildConfiguration section */

/* Begin XCConfigurationList section */
		63A0B9AB1DBE8BBD00A5F91C /* Build configuration list for PBXProject "Test" */ = {
			isa = XCConfigurationList;
			buildConfigurations = (
				63A0B9C21DBE8BBD00A5F91C /* Debug */,
				63A0B9C31DBE8BBD00A5F91C /* Release */,
			);
			defaultConfigurationIsVisible = 0;
			defaultConfigurationName = Release;
		};
		63A0B9C41DBE8BBD00A5F91C /* Build configuration list for PBXNativeTarget "Test" */ = {
			isa = XCConfigurationList;
			buildConfigurations = (
				63A0B9C51DBE8BBD00A5F91C /* Debug */,
				63A0B9C61DBE8BBD00A5F91C /* Release */,
			);
			defaultConfigurationIsVisible = 0;
		};
/* End XCConfigurationList section */
	};
	rootObject = 63A0B9A81DBE8BBD00A5F91C /* Project object */;
}
